
Microsoft Visual Studio Solution File, Format Version 12.00
# Visual Studio Version 16
VisualStudioVersion = 16.0.31424.327
MinimumVisualStudioVersion = 10.0.40219.1
Project("{9A19103F-16F7-4668-BE54-9A1E7A4F7556}") = "ConsoleApp1", "ConsoleApp1.csproj", "{72D5784D-FF0E-4889-ADAA-C3E2FE59B3AA}"
EndProject
Global
	GlobalSection(SolutionConfigurationPlatforms) = preSolution
		Debug|Any CPU = Debug|Any CPU
		Release|Any CPU = Release|Any CPU
	EndGlobalSection
	GlobalSection(ProjectConfigurationPlatforms) = postSolution
		{72D5784D-FF0E-4889-ADAA-C3E2FE59B3AA}.Debug|Any CPU.ActiveCfg = Debug|Any CPU
		{72D5784D-FF0E-4889-ADAA-C3E2FE59B3AA}.Debug|Any CPU.Build.0 = Debug|Any CPU
		{72D5784D-FF0E-4889-ADAA-C3E2FE59B3AA}.Release|Any CPU.ActiveCfg = Release|Any CPU
		{72D5784D-FF0E-4889-ADAA-C3E2FE59B3AA}.Release|Any CPU.Build.0 = Release|Any CPU
	EndGlobalSection
	GlobalSection(SolutionProperties) = preSolution
		HideSolutionNode = FALSE
	EndGlobalSection
	GlobalSection(ExtensibilityGlobals) = postSolution
		SolutionGuid = {D6C36E6D-DE02-4075-A2D3-8879EAB41DEE}
	EndGlobalSection
EndGlobal
